
Microsoft Visual Studio Solution File, Format Version 12.00
# Visual Studio Version 17
VisualStudioVersion = 17.2.32526.322
MinimumVisualStudioVersion = 10.0.40219.1
Project("{9A19103F-16F7-4668-BE54-9A1E7A4F7556}") = "GestaoProdutos.API", "GestaoProdutos.API\GestaoProdutos.API.csproj", "{28B4847D-B04F-48EA-A251-0EF2CFDF8056}"
EndProject
Project("{9A19103F-16F7-4668-BE54-9A1E7A4F7556}") = "GestaoProdutos.Infra", "GestaoProdutos.Infra\GestaoProdutos.Infra.csproj", "{75211322-7CF3-456D-8793-C707A5E0A0AC}"
EndProject
Project("{9A19103F-16F7-4668-BE54-9A1E7A4F7556}") = "GestaoProdutos.Dominio", "GestaoProdutos.Dominio\GestaoProdutos.Dominio.csproj", "{D35D9F39-BF08-4B2B-9C64-49824BDD84B6}"
EndProject
Project("{FAE04EC0-301F-11D3-BF4B-00C04F79EFBC}") = "GestaoProdutos.Tests", "GestaoProdutos.Tests\GestaoProdutos.Tests.csproj", "{B3AEB803-268B-4B18-8BD6-EE2027F39575}"
EndProject
Global
	GlobalSection(SolutionConfigurationPlatforms) = preSolution
		Debug|Any CPU = Debug|Any CPU
		Release|Any CPU = Release|Any CPU
	EndGlobalSection
	GlobalSection(ProjectConfigurationPlatforms) = postSolution
		{28B4847D-B04F-48EA-A251-0EF2CFDF8056}.Debug|Any CPU.ActiveCfg = Debug|Any CPU
		{28B4847D-B04F-48EA-A251-0EF2CFDF8056}.Debug|Any CPU.Build.0 = Debug|Any CPU
		{28B4847D-B04F-48EA-A251-0EF2CFDF8056}.Release|Any CPU.ActiveCfg = Release|Any CPU
		{28B4847D-B04F-48EA-A251-0EF2CFDF8056}.Release|Any CPU.Build.0 = Release|Any CPU
		{75211322-7CF3-456D-8793-C707A5E0A0AC}.Debug|Any CPU.ActiveCfg = Debug|Any CPU
		{75211322-7CF3-456D-8793-C707A5E0A0AC}.Debug|Any CPU.Build.0 = Debug|Any CPU
		{75211322-7CF3-456D-8793-C707A5E0A0AC}.Release|Any CPU.ActiveCfg = Release|Any CPU
		{75211322-7CF3-456D-8793-C707A5E0A0AC}.Release|Any CPU.Build.0 = Release|Any CPU
		{D35D9F39-BF08-4B2B-9C64-49824BDD84B6}.Debug|Any CPU.ActiveCfg = Debug|Any CPU
		{D35D9F39-BF08-4B2B-9C64-49824BDD84B6}.Debug|Any CPU.Build.0 = Debug|Any CPU
		{D35D9F39-BF08-4B2B-9C64-49824BDD84B6}.Release|Any CPU.ActiveCfg = Release|Any CPU
		{D35D9F39-BF08-4B2B-9C64-49824BDD84B6}.Release|Any CPU.Build.0 = Release|Any CPU
		{B3AEB803-268B-4B18-8BD6-EE2027F39575}.Debug|Any CPU.ActiveCfg = Debug|Any CPU
		{B3AEB803-268B-4B18-8BD6-EE2027F39575}.Debug|Any CPU.Build.0 = Debug|Any CPU
		{B3AEB803-268B-4B18-8BD6-EE2027F39575}.Release|Any CPU.ActiveCfg = Release|Any CPU
		{B3AEB803-268B-4B18-8BD6-EE2027F39575}.Release|Any CPU.Build.0 = Release|Any CPU
	EndGlobalSection
	GlobalSection(SolutionProperties) = preSolution
		HideSolutionNode = FALSE
	EndGlobalSection
	GlobalSection(ExtensibilityGlobals) = postSolution
		SolutionGuid = {0A2B6C7F-FE25-4F21-86A1-2038F3D45782}
	EndGlobalSection
EndGlobal
